
Microsoft Visual Studio Solution File, Format Version 12.00
# Visual Studio 15
Project("{FAE04EC0-301F-11D3-BF4B-00C04F79EFBC}") = "BlockadeLabsSDK.Runtime", "BlockadeLabsSDK.Runtime.csproj", "{B89E028B-E280-1AF0-A206-0BC8FE632178}"
EndProject
Project("{FAE04EC0-301F-11D3-BF4B-00C04F79EFBC}") = "Assembly-CSharp", "Assembly-CSharp.csproj", "{306B9622-6474-0D19-83D7-B08F35872B12}"
EndProject
Project("{FAE04EC0-301F-11D3-BF4B-00C04F79EFBC}") = "BlockadeLabsSDK.Tests", "BlockadeLabsSDK.Tests.csproj", "{AD5EE7C8-6D47-F9BB-64BE-F1F24350B67A}"
EndProject
Project("{FAE04EC0-301F-11D3-BF4B-00C04F79EFBC}") = "PimDeWitte.UnityMainThreadDispatcher", "PimDeWitte.UnityMainThreadDispatcher.csproj", "{5FD6578C-790F-8BA6-5FA7-2380874F367E}"
EndProject
Project("{FAE04EC0-301F-11D3-BF4B-00C04F79EFBC}") = "BlockadeLabsSDK.Editor", "BlockadeLabsSDK.Editor.csproj", "{685D469A-4BFD-3182-342A-FAA138FC2213}"
EndProject
Global
	GlobalSection(SolutionConfigurationPlatforms) = preSolution
		Debug|Any CPU = Debug|Any CPU
		Release|Any CPU = Release|Any CPU
	EndGlobalSection
	GlobalSection(ProjectConfigurationPlatforms) = postSolution
		{B89E028B-E280-1AF0-A206-0BC8FE632178}.Debug|Any CPU.ActiveCfg = Debug|Any CPU
		{B89E028B-E280-1AF0-A206-0BC8FE632178}.Debug|Any CPU.Build.0 = Debug|Any CPU
		{B89E028B-E280-1AF0-A206-0BC8FE632178}.Release|Any CPU.ActiveCfg = Release|Any CPU
		{B89E028B-E280-1AF0-A206-0BC8FE632178}.Release|Any CPU.Build.0 = Release|Any CPU
		{306B9622-6474-0D19-83D7-B08F35872B12}.Debug|Any CPU.ActiveCfg = Debug|Any CPU
		{306B9622-6474-0D19-83D7-B08F35872B12}.Debug|Any CPU.Build.0 = Debug|Any CPU
		{306B9622-6474-0D19-83D7-B08F35872B12}.Release|Any CPU.ActiveCfg = Release|Any CPU
		{306B9622-6474-0D19-83D7-B08F35872B12}.Release|Any CPU.Build.0 = Release|Any CPU
		{AD5EE7C8-6D47-F9BB-64BE-F1F24350B67A}.Debug|Any CPU.ActiveCfg = Debug|Any CPU
		{AD5EE7C8-6D47-F9BB-64BE-F1F24350B67A}.Debug|Any CPU.Build.0 = Debug|Any CPU
		{AD5EE7C8-6D47-F9BB-64BE-F1F24350B67A}.Release|Any CPU.ActiveCfg = Release|Any CPU
		{AD5EE7C8-6D47-F9BB-64BE-F1F24350B67A}.Release|Any CPU.Build.0 = Release|Any CPU
		{5FD6578C-790F-8BA6-5FA7-2380874F367E}.Debug|Any CPU.ActiveCfg = Debug|Any CPU
		{5FD6578C-790F-8BA6-5FA7-2380874F367E}.Debug|Any CPU.Build.0 = Debug|Any CPU
		{5FD6578C-790F-8BA6-5FA7-2380874F367E}.Release|Any CPU.ActiveCfg = Release|Any CPU
		{5FD6578C-790F-8BA6-5FA7-2380874F367E}.Release|Any CPU.Build.0 = Release|Any CPU
		{685D469A-4BFD-3182-342A-FAA138FC2213}.Debug|Any CPU.ActiveCfg = Debug|Any CPU
		{685D469A-4BFD-3182-342A-FAA138FC2213}.Debug|Any CPU.Build.0 = Debug|Any CPU
		{685D469A-4BFD-3182-342A-FAA138FC2213}.Release|Any CPU.ActiveCfg = Release|Any CPU
		{685D469A-4BFD-3182-342A-FAA138FC2213}.Release|Any CPU.Build.0 = Release|Any CPU
	EndGlobalSection
	GlobalSection(SolutionProperties) = preSolution
		HideSolutionNode = FALSE
	EndGlobalSection
EndGlobal
